<?xml version="1.0" encoding="utf-8"?>
<Project ToolsVersion="4.0" xmlns="http://schemas.microsoft.com/developer/msbuild/2003">
  <ItemGroup>
    <Filter Include="win32">
      <UniqueIdentifier>{84a8ebd7-7cf0-47f6-b75e-d441df67da40}</UniqueIdentifier>
    </Filter>
    <Filter Include="resource">
      <UniqueIdentifier>{715254bc-d70b-4ec5-bf29-467dd3ace079}</UniqueIdentifier>
    </Filter>
    <Filter Include="src">
      <UniqueIdentifier>{bb6c862e-70e9-49d9-81b7-3829a6f50471}</UniqueIdentifier>
    </Filter>
    <Filter Include="src\ccimgui">
      <UniqueIdentifier>{86de0bb5-899c-4a83-b23e-1f6213c01f89}</UniqueIdentifier>
    </Filter>
    <Filter Include="src\ccimgui\imgui">
      <UniqueIdentifier>{97990868-f450-4071-8002-c5dc05015c73}</UniqueIdentifier>
    </Filter>
    <Filter Include="src\ccimgui\ImGuizmo">
      <UniqueIdentifier>{b471718f-f41c-47b3-9710-0a46672db14c}</UniqueIdentifier>
    </Filter>
  </ItemGroup>
  <ItemGroup>
    <ClCompile Include="main.cpp">
      <Filter>win32</Filter>
    </ClCompile>
    <ClCompile Include="..\Classes\AppDelegate.cpp">
      <Filter>src</Filter>
    </ClCompile>
    <ClCompile Include="..\Classes\HelloWorldScene.cpp">
      <Filter>src</Filter>
    </ClCompile>
    <ClCompile Include="..\Classes\ccimgui\imgui\imgui.cpp">
      <Filter>src\ccimgui\imgui</Filter>
    </ClCompile>
    <ClCompile Include="..\Classes\ccimgui\imgui\imgui_demo.cpp">
      <Filter>src\ccimgui\imgui</Filter>
    </ClCompile>
    <ClCompile Include="..\Classes\ccimgui\imgui\imgui_draw.cpp">
      <Filter>src\ccimgui\imgui</Filter>
    </ClCompile>
    <ClCompile Include="..\Classes\ccimgui\imgui\imgui_widgets.cpp">
      <Filter>src\ccimgui\imgui</Filter>
    </ClCompile>
    <ClCompile Include="..\Classes\ccimgui\CCImGuiLayer.cpp">
      <Filter>src\ccimgui</Filter>
    </ClCompile>
    <ClCompile Include="..\Classes\ccimgui\CCIMGUI.cpp">
      <Filter>src\ccimgui</Filter>
    </ClCompile>
    <ClCompile Include="..\Classes\ccimgui\imgui_impl_cocos2dx.cpp">
      <Filter>src\ccimgui</Filter>
    </ClCompile>
    <ClCompile Include="..\Classes\ccimgui\ImGuizmo\ImGradient.cpp">
      <Filter>src\ccimgui\ImGuizmo</Filter>
    </ClCompile>
    <ClCompile Include="..\Classes\ccimgui\ImGuizmo\ImCurveEdit.cpp">
      <Filter>src\ccimgui\ImGuizmo</Filter>
    </ClCompile>
    <ClCompile Include="..\Classes\ccimgui\ImGuizmo\ImGuizmo.cpp">
      <Filter>src\ccimgui\ImGuizmo</Filter>
    </ClCompile>
    <ClCompile Include="..\Classes\ccimgui\ImGuizmo\ImSequencer.cpp">
      <Filter>src\ccimgui\ImGuizmo</Filter>
    </ClCompile>
  </ItemGroup>
  <ItemGroup>
    <ClInclude Include="main.h">
      <Filter>win32</Filter>
    </ClInclude>
    <ClInclude Include="..\Classes\AppDelegate.h">
      <Filter>src</Filter>
    </ClInclude>
    <ClInclude Include="..\Classes\HelloWorldScene.h">
      <Filter>src</Filter>
    </ClInclude>
    <ClInclude Include="..\Classes\ccimgui\imgui\imconfig.h">
      <Filter>src\ccimgui\imgui</Filter>
    </ClInclude>
    <ClInclude Include="..\Classes\ccimgui\imgui\imgui.h">
      <Filter>src\ccimgui\imgui</Filter>
    </ClInclude>
    <ClInclude Include="..\Classes\ccimgui\imgui\imgui_internal.h">
      <Filter>src\ccimgui\imgui</Filter>
    </ClInclude>
    <ClInclude Include="..\Classes\ccimgui\imgui\imstb_rectpack.h">
      <Filter>src\ccimgui\imgui</Filter>
    </ClInclude>
    <ClInclude Include="..\Classes\ccimgui\imgui\imstb_textedit.h">
      <Filter>src\ccimgui\imgui</Filter>
    </ClInclude>
    <ClInclude Include="..\Classes\ccimgui\imgui\imstb_truetype.h">
      <Filter>src\ccimgui\imgui</Filter>
    </ClInclude>
    <ClInclude Include="..\Classes\ccimgui\CCImGuiLayer.h">
      <Filter>src\ccimgui</Filter>
    </ClInclude>
    <ClInclude Include="..\Classes\ccimgui\CCIMGUI.h">
      <Filter>src\ccimgui</Filter>
    </ClInclude>
    <ClInclude Include="..\Classes\ccimgui\imgui_impl_cocos2dx.h">
      <Filter>src\ccimgui</Filter>
    </ClInclude>
    <ClInclude Include="..\Classes\ccimgui\ImGuizmo\ImGuizmo.h">
      <Filter>src\ccimgui\ImGuizmo</Filter>
    </ClInclude>
    <ClInclude Include="..\Classes\ccimgui\ImGuizmo\ImCurveEdit.h">
      <Filter>src\ccimgui\ImGuizmo</Filter>
    </ClInclude>
    <ClInclude Include="..\Classes\ccimgui\ImGuizmo\ImGradient.h">
      <Filter>src\ccimgui\ImGuizmo</Filter>
    </ClInclude>
    <ClInclude Include="..\Classes\ccimgui\ImGuizmo\ImSequencer.h">
      <Filter>src\ccimgui\ImGuizmo</Filter>
    </ClInclude>
  </ItemGroup>
  <ItemGroup>
    <ResourceCompile Include="game.rc">
      <Filter>resource</Filter>
    </ResourceCompile>
  </ItemGroup>
</Project>